
Microsoft Visual Studio Solution File, Format Version 12.00
# Visual Studio 15
VisualStudioVersion = 15.0.28010.2036
MinimumVisualStudioVersion = 10.0.40219.1
Project("{FAE04EC0-301F-11D3-BF4B-00C04F79EFBC}") = "RestauranteCedro.Api", "RestauranteCedro.Api\RestauranteCedro.Api.csproj", "{CCB9937C-A275-44C1-BB0C-0ADEA77111C5}"
EndProject
Project("{FAE04EC0-301F-11D3-BF4B-00C04F79EFBC}") = "RestauranteCedro.Data", "..\RestauranteCedro.Data\RestauranteCedro.Data.csproj", "{71FCB176-2947-43AB-9D96-45A00BC1F877}"
EndProject
Global
	GlobalSection(SolutionConfigurationPlatforms) = preSolution
		Debug|Any CPU = Debug|Any CPU
		Release|Any CPU = Release|Any CPU
	EndGlobalSection
	GlobalSection(ProjectConfigurationPlatforms) = postSolution
		{CCB9937C-A275-44C1-BB0C-0ADEA77111C5}.Debug|Any CPU.ActiveCfg = Debug|Any CPU
		{CCB9937C-A275-44C1-BB0C-0ADEA77111C5}.Debug|Any CPU.Build.0 = Debug|Any CPU
		{CCB9937C-A275-44C1-BB0C-0ADEA77111C5}.Release|Any CPU.ActiveCfg = Release|Any CPU
		{CCB9937C-A275-44C1-BB0C-0ADEA77111C5}.Release|Any CPU.Build.0 = Release|Any CPU
		{71FCB176-2947-43AB-9D96-45A00BC1F877}.Debug|Any CPU.ActiveCfg = Debug|Any CPU
		{71FCB176-2947-43AB-9D96-45A00BC1F877}.Debug|Any CPU.Build.0 = Debug|Any CPU
		{71FCB176-2947-43AB-9D96-45A00BC1F877}.Release|Any CPU.ActiveCfg = Release|Any CPU
		{71FCB176-2947-43AB-9D96-45A00BC1F877}.Release|Any CPU.Build.0 = Release|Any CPU
	EndGlobalSection
	GlobalSection(SolutionProperties) = preSolution
		HideSolutionNode = FALSE
	EndGlobalSection
	GlobalSection(ExtensibilityGlobals) = postSolution
		SolutionGuid = {48503C40-CEB9-48BF-B8B3-C708F5190242}
	EndGlobalSection
EndGlobal
